
Microsoft Visual Studio Solution File, Format Version 12.00
# Visual Studio Version 16
VisualStudioVersion = 16.0.30804.86
MinimumVisualStudioVersion = 10.0.40219.1
Project("{FAE04EC0-301F-11D3-BF4B-00C04F79EFBC}") = "Api-rest-debts", "Api-rest-debts\Api-rest-debts.csproj", "{DDDE56BB-5686-4958-B850-3AD270224C97}"
EndProject
Global
	GlobalSection(SolutionConfigurationPlatforms) = preSolution
		Debug|Any CPU = Debug|Any CPU
		Release|Any CPU = Release|Any CPU
	EndGlobalSection
	GlobalSection(ProjectConfigurationPlatforms) = postSolution
		{DDDE56BB-5686-4958-B850-3AD270224C97}.Debug|Any CPU.ActiveCfg = Debug|Any CPU
		{DDDE56BB-5686-4958-B850-3AD270224C97}.Debug|Any CPU.Build.0 = Debug|Any CPU
		{DDDE56BB-5686-4958-B850-3AD270224C97}.Release|Any CPU.ActiveCfg = Release|Any CPU
		{DDDE56BB-5686-4958-B850-3AD270224C97}.Release|Any CPU.Build.0 = Release|Any CPU
	EndGlobalSection
	GlobalSection(SolutionProperties) = preSolution
		HideSolutionNode = FALSE
	EndGlobalSection
	GlobalSection(ExtensibilityGlobals) = postSolution
		SolutionGuid = {95B1A2B8-11E3-48F1-91BA-0461E1998BEB}
	EndGlobalSection
EndGlobal
